
Microsoft Visual Studio Solution File, Format Version 12.00
# Visual Studio Version 17
VisualStudioVersion = 17.4.33110.190
MinimumVisualStudioVersion = 10.0.40219.1
Project("{FAE04EC0-301F-11D3-BF4B-00C04F79EFBC}") = "mvcinterview", "mvcinterview\mvcinterview.csproj", "{E9F4368D-8DDE-4B50-920F-3C4BC9E4B677}"
EndProject
Global
	GlobalSection(SolutionConfigurationPlatforms) = preSolution
		Debug|Any CPU = Debug|Any CPU
		Release|Any CPU = Release|Any CPU
	EndGlobalSection
	GlobalSection(ProjectConfigurationPlatforms) = postSolution
		{E9F4368D-8DDE-4B50-920F-3C4BC9E4B677}.Debug|Any CPU.ActiveCfg = Debug|Any CPU
		{E9F4368D-8DDE-4B50-920F-3C4BC9E4B677}.Debug|Any CPU.Build.0 = Debug|Any CPU
		{E9F4368D-8DDE-4B50-920F-3C4BC9E4B677}.Release|Any CPU.ActiveCfg = Release|Any CPU
		{E9F4368D-8DDE-4B50-920F-3C4BC9E4B677}.Release|Any CPU.Build.0 = Release|Any CPU
	EndGlobalSection
	GlobalSection(SolutionProperties) = preSolution
		HideSolutionNode = FALSE
	EndGlobalSection
	GlobalSection(ExtensibilityGlobals) = postSolution
		SolutionGuid = {A4632176-7CDB-4F81-9A74-ECA6C73344C5}
	EndGlobalSection
EndGlobal
